
Microsoft Visual Studio Solution File, Format Version 9.00
# Visual Studio 2005
Project("{8BC9CEB8-8B4A-11D0-8D11-00A0C91BC942}") = "PlasmaShop", "PlasmaShop.vcproj", "{47123B14-EF41-4E13-88F4-BF4CD576633C}"
	ProjectSection(ProjectDependencies) = postProject
		{A242AD1C-56C9-4EF8-8372-22C7686AF10B} = {A242AD1C-56C9-4EF8-8372-22C7686AF10B}
	EndProjectSection
EndProject
Project("{8BC9CEB8-8B4A-11D0-8D11-00A0C91BC942}") = "squish", "squish.vcproj", "{C7B66F89-2EA9-4F34-A838-84F3817FDA5C}"
EndProject
Project("{8BC9CEB8-8B4A-11D0-8D11-00A0C91BC942}") = "imagdds", "imagdds.vcproj", "{AACC6179-8775-433F-92BD-6C93BEFFBE53}"
EndProject
Project("{8BC9CEB8-8B4A-11D0-8D11-00A0C91BC942}") = "stc", "3rdp\wx\stc\stc.vcproj", "{A242AD1C-56C9-4EF8-8372-22C7686AF10B}"
EndProject
Global
	GlobalSection(SolutionConfigurationPlatforms) = preSolution
		Debug|Win32 = Debug|Win32
		DLL Debug|Win32 = DLL Debug|Win32
		DLL Release|Win32 = DLL Release|Win32
		DLL Unicode Debug|Win32 = DLL Unicode Debug|Win32
		DLL Unicode Release|Win32 = DLL Unicode Release|Win32
		DLL Universal Debug|Win32 = DLL Universal Debug|Win32
		DLL Universal Release|Win32 = DLL Universal Release|Win32
		DLL Universal Unicode Debug|Win32 = DLL Universal Unicode Debug|Win32
		DLL Universal Unicode Release|Win32 = DLL Universal Unicode Release|Win32
		Release|Win32 = Release|Win32
		Unicode Debug|Win32 = Unicode Debug|Win32
		Unicode Release|Win32 = Unicode Release|Win32
		Universal Debug|Win32 = Universal Debug|Win32
		Universal Release|Win32 = Universal Release|Win32
		Universal Unicode Debug|Win32 = Universal Unicode Debug|Win32
		Universal Unicode Release|Win32 = Universal Unicode Release|Win32
	EndGlobalSection
	GlobalSection(ProjectConfigurationPlatforms) = postSolution
		{47123B14-EF41-4E13-88F4-BF4CD576633C}.Debug|Win32.ActiveCfg = Debug|Win32
		{47123B14-EF41-4E13-88F4-BF4CD576633C}.Debug|Win32.Build.0 = Debug|Win32
		{47123B14-EF41-4E13-88F4-BF4CD576633C}.DLL Debug|Win32.ActiveCfg = Debug|Win32
		{47123B14-EF41-4E13-88F4-BF4CD576633C}.DLL Debug|Win32.Build.0 = Debug|Win32
		{47123B14-EF41-4E13-88F4-BF4CD576633C}.DLL Release|Win32.ActiveCfg = Release|Win32
		{47123B14-EF41-4E13-88F4-BF4CD576633C}.DLL Release|Win32.Build.0 = Release|Win32
		{47123B14-EF41-4E13-88F4-BF4CD576633C}.DLL Unicode Debug|Win32.ActiveCfg = Debug|Win32
		{47123B14-EF41-4E13-88F4-BF4CD576633C}.DLL Unicode Debug|Win32.Build.0 = Debug|Win32
		{47123B14-EF41-4E13-88F4-BF4CD576633C}.DLL Unicode Release|Win32.ActiveCfg = Release|Win32
		{47123B14-EF41-4E13-88F4-BF4CD576633C}.DLL Unicode Release|Win32.Build.0 = Release|Win32
		{47123B14-EF41-4E13-88F4-BF4CD576633C}.DLL Universal Debug|Win32.ActiveCfg = Debug|Win32
		{47123B14-EF41-4E13-88F4-BF4CD576633C}.DLL Universal Debug|Win32.Build.0 = Debug|Win32
		{47123B14-EF41-4E13-88F4-BF4CD576633C}.DLL Universal Release|Win32.ActiveCfg = Release|Win32
		{47123B14-EF41-4E13-88F4-BF4CD576633C}.DLL Universal Release|Win32.Build.0 = Release|Win32
		{47123B14-EF41-4E13-88F4-BF4CD576633C}.DLL Universal Unicode Debug|Win32.ActiveCfg = Debug|Win32
		{47123B14-EF41-4E13-88F4-BF4CD576633C}.DLL Universal Unicode Debug|Win32.Build.0 = Debug|Win32
		{47123B14-EF41-4E13-88F4-BF4CD576633C}.DLL Universal Unicode Release|Win32.ActiveCfg = Release|Win32
		{47123B14-EF41-4E13-88F4-BF4CD576633C}.DLL Universal Unicode Release|Win32.Build.0 = Release|Win32
		{47123B14-EF41-4E13-88F4-BF4CD576633C}.Release|Win32.ActiveCfg = Release|Win32
		{47123B14-EF41-4E13-88F4-BF4CD576633C}.Release|Win32.Build.0 = Release|Win32
		{47123B14-EF41-4E13-88F4-BF4CD576633C}.Unicode Debug|Win32.ActiveCfg = Debug|Win32
		{47123B14-EF41-4E13-88F4-BF4CD576633C}.Unicode Debug|Win32.Build.0 = Debug|Win32
		{47123B14-EF41-4E13-88F4-BF4CD576633C}.Unicode Release|Win32.ActiveCfg = Release|Win32
		{47123B14-EF41-4E13-88F4-BF4CD576633C}.Unicode Release|Win32.Build.0 = Release|Win32
		{47123B14-EF41-4E13-88F4-BF4CD576633C}.Universal Debug|Win32.ActiveCfg = Debug|Win32
		{47123B14-EF41-4E13-88F4-BF4CD576633C}.Universal Debug|Win32.Build.0 = Debug|Win32
		{47123B14-EF41-4E13-88F4-BF4CD576633C}.Universal Release|Win32.ActiveCfg = Release|Win32
		{47123B14-EF41-4E13-88F4-BF4CD576633C}.Universal Release|Win32.Build.0 = Release|Win32
		{47123B14-EF41-4E13-88F4-BF4CD576633C}.Universal Unicode Debug|Win32.ActiveCfg = Debug|Win32
		{47123B14-EF41-4E13-88F4-BF4CD576633C}.Universal Unicode Debug|Win32.Build.0 = Debug|Win32
		{47123B14-EF41-4E13-88F4-BF4CD576633C}.Universal Unicode Release|Win32.ActiveCfg = Release|Win32
		{47123B14-EF41-4E13-88F4-BF4CD576633C}.Universal Unicode Release|Win32.Build.0 = Release|Win32
		{C7B66F89-2EA9-4F34-A838-84F3817FDA5C}.Debug|Win32.ActiveCfg = Debug|Win32
		{C7B66F89-2EA9-4F34-A838-84F3817FDA5C}.Debug|Win32.Build.0 = Debug|Win32
		{C7B66F89-2EA9-4F34-A838-84F3817FDA5C}.DLL Debug|Win32.ActiveCfg = Debug|Win32
		{C7B66F89-2EA9-4F34-A838-84F3817FDA5C}.DLL Debug|Win32.Build.0 = Debug|Win32
		{C7B66F89-2EA9-4F34-A838-84F3817FDA5C}.DLL Release|Win32.ActiveCfg = Release|Win32
		{C7B66F89-2EA9-4F34-A838-84F3817FDA5C}.DLL Release|Win32.Build.0 = Release|Win32
		{C7B66F89-2EA9-4F34-A838-84F3817FDA5C}.DLL Unicode Debug|Win32.ActiveCfg = Debug|Win32
		{C7B66F89-2EA9-4F34-A838-84F3817FDA5C}.DLL Unicode Debug|Win32.Build.0 = Debug|Win32
		{C7B66F89-2EA9-4F34-A838-84F3817FDA5C}.DLL Unicode Release|Win32.ActiveCfg = Release|Win32
		{C7B66F89-2EA9-4F34-A838-84F3817FDA5C}.DLL Unicode Release|Win32.Build.0 = Release|Win32
		{C7B66F89-2EA9-4F34-A838-84F3817FDA5C}.DLL Universal Debug|Win32.ActiveCfg = Debug|Win32
		{C7B66F89-2EA9-4F34-A838-84F3817FDA5C}.DLL Universal Debug|Win32.Build.0 = Debug|Win32
		{C7B66F89-2EA9-4F34-A838-84F3817FDA5C}.DLL Universal Release|Win32.ActiveCfg = Release|Win32
		{C7B66F89-2EA9-4F34-A838-84F3817FDA5C}.DLL Universal Release|Win32.Build.0 = Release|Win32
		{C7B66F89-2EA9-4F34-A838-84F3817FDA5C}.DLL Universal Unicode Debug|Win32.ActiveCfg = Debug|Win32
		{C7B66F89-2EA9-4F34-A838-84F3817FDA5C}.DLL Universal Unicode Debug|Win32.Build.0 = Debug|Win32
		{C7B66F89-2EA9-4F34-A838-84F3817FDA5C}.DLL Universal Unicode Release|Win32.ActiveCfg = Release|Win32
		{C7B66F89-2EA9-4F34-A838-84F3817FDA5C}.DLL Universal Unicode Release|Win32.Build.0 = Release|Win32
		{C7B66F89-2EA9-4F34-A838-84F3817FDA5C}.Release|Win32.ActiveCfg = Release|Win32
		{C7B66F89-2EA9-4F34-A838-84F3817FDA5C}.Release|Win32.Build.0 = Release|Win32
		{C7B66F89-2EA9-4F34-A838-84F3817FDA5C}.Unicode Debug|Win32.ActiveCfg = Debug|Win32
		{C7B66F89-2EA9-4F34-A838-84F3817FDA5C}.Unicode Debug|Win32.Build.0 = Debug|Win32
		{C7B66F89-2EA9-4F34-A838-84F3817FDA5C}.Unicode Release|Win32.ActiveCfg = Release|Win32
		{C7B66F89-2EA9-4F34-A838-84F3817FDA5C}.Unicode Release|Win32.Build.0 = Release|Win32
		{C7B66F89-2EA9-4F34-A838-84F3817FDA5C}.Universal Debug|Win32.ActiveCfg = Debug|Win32
		{C7B66F89-2EA9-4F34-A838-84F3817FDA5C}.Universal Debug|Win32.Build.0 = Debug|Win32
		{C7B66F89-2EA9-4F34-A838-84F3817FDA5C}.Universal Release|Win32.ActiveCfg = Release|Win32
		{C7B66F89-2EA9-4F34-A838-84F3817FDA5C}.Universal Release|Win32.Build.0 = Release|Win32
		{C7B66F89-2EA9-4F34-A838-84F3817FDA5C}.Universal Unicode Debug|Win32.ActiveCfg = Debug|Win32
		{C7B66F89-2EA9-4F34-A838-84F3817FDA5C}.Universal Unicode Debug|Win32.Build.0 = Debug|Win32
		{C7B66F89-2EA9-4F34-A838-84F3817FDA5C}.Universal Unicode Release|Win32.ActiveCfg = Release|Win32
		{C7B66F89-2EA9-4F34-A838-84F3817FDA5C}.Universal Unicode Release|Win32.Build.0 = Release|Win32
		{AACC6179-8775-433F-92BD-6C93BEFFBE53}.Debug|Win32.ActiveCfg = Debug|Win32
		{AACC6179-8775-433F-92BD-6C93BEFFBE53}.Debug|Win32.Build.0 = Debug|Win32
		{AACC6179-8775-433F-92BD-6C93BEFFBE53}.DLL Debug|Win32.ActiveCfg = Debug|Win32
		{AACC6179-8775-433F-92BD-6C93BEFFBE53}.DLL Debug|Win32.Build.0 = Debug|Win32
		{AACC6179-8775-433F-92BD-6C93BEFFBE53}.DLL Release|Win32.ActiveCfg = Release|Win32
		{AACC6179-8775-433F-92BD-6C93BEFFBE53}.DLL Release|Win32.Build.0 = Release|Win32
		{AACC6179-8775-433F-92BD-6C93BEFFBE53}.DLL Unicode Debug|Win32.ActiveCfg = Debug|Win32
		{AACC6179-8775-433F-92BD-6C93BEFFBE53}.DLL Unicode Debug|Win32.Build.0 = Debug|Win32
		{AACC6179-8775-433F-92BD-6C93BEFFBE53}.DLL Unicode Release|Win32.ActiveCfg = Release|Win32
		{AACC6179-8775-433F-92BD-6C93BEFFBE53}.DLL Unicode Release|Win32.Build.0 = Release|Win32
		{AACC6179-8775-433F-92BD-6C93BEFFBE53}.DLL Universal Debug|Win32.ActiveCfg = Debug|Win32
		{AACC6179-8775-433F-92BD-6C93BEFFBE53}.DLL Universal Debug|Win32.Build.0 = Debug|Win32
		{AACC6179-8775-433F-92BD-6C93BEFFBE53}.DLL Universal Release|Win32.ActiveCfg = Release|Win32
		{AACC6179-8775-433F-92BD-6C93BEFFBE53}.DLL Universal Release|Win32.Build.0 = Release|Win32
		{AACC6179-8775-433F-92BD-6C93BEFFBE53}.DLL Universal Unicode Debug|Win32.ActiveCfg = Debug|Win32
		{AACC6179-8775-433F-92BD-6C93BEFFBE53}.DLL Universal Unicode Debug|Win32.Build.0 = Debug|Win32
		{AACC6179-8775-433F-92BD-6C93BEFFBE53}.DLL Universal Unicode Release|Win32.ActiveCfg = Release|Win32
		{AACC6179-8775-433F-92BD-6C93BEFFBE53}.DLL Universal Unicode Release|Win32.Build.0 = Release|Win32
		{AACC6179-8775-433F-92BD-6C93BEFFBE53}.Release|Win32.ActiveCfg = Release|Win32
		{AACC6179-8775-433F-92BD-6C93BEFFBE53}.Release|Win32.Build.0 = Release|Win32
		{AACC6179-8775-433F-92BD-6C93BEFFBE53}.Unicode Debug|Win32.ActiveCfg = Debug|Win32
		{AACC6179-8775-433F-92BD-6C93BEFFBE53}.Unicode Debug|Win32.Build.0 = Debug|Win32
		{AACC6179-8775-433F-92BD-6C93BEFFBE53}.Unicode Release|Win32.ActiveCfg = Release|Win32
		{AACC6179-8775-433F-92BD-6C93BEFFBE53}.Unicode Release|Win32.Build.0 = Release|Win32
		{AACC6179-8775-433F-92BD-6C93BEFFBE53}.Universal Debug|Win32.ActiveCfg = Debug|Win32
		{AACC6179-8775-433F-92BD-6C93BEFFBE53}.Universal Debug|Win32.Build.0 = Debug|Win32
		{AACC6179-8775-433F-92BD-6C93BEFFBE53}.Universal Release|Win32.ActiveCfg = Release|Win32
		{AACC6179-8775-433F-92BD-6C93BEFFBE53}.Universal Release|Win32.Build.0 = Release|Win32
		{AACC6179-8775-433F-92BD-6C93BEFFBE53}.Universal Unicode Debug|Win32.ActiveCfg = Debug|Win32
		{AACC6179-8775-433F-92BD-6C93BEFFBE53}.Universal Unicode Debug|Win32.Build.0 = Debug|Win32
		{AACC6179-8775-433F-92BD-6C93BEFFBE53}.Universal Unicode Release|Win32.ActiveCfg = Release|Win32
		{AACC6179-8775-433F-92BD-6C93BEFFBE53}.Universal Unicode Release|Win32.Build.0 = Release|Win32
		{A242AD1C-56C9-4EF8-8372-22C7686AF10B}.Debug|Win32.ActiveCfg = Debug|Win32
		{A242AD1C-56C9-4EF8-8372-22C7686AF10B}.Debug|Win32.Build.0 = Debug|Win32
		{A242AD1C-56C9-4EF8-8372-22C7686AF10B}.DLL Debug|Win32.ActiveCfg = Debug|Win32
		{A242AD1C-56C9-4EF8-8372-22C7686AF10B}.DLL Debug|Win32.Build.0 = Debug|Win32
		{A242AD1C-56C9-4EF8-8372-22C7686AF10B}.DLL Release|Win32.ActiveCfg = Release|Win32
		{A242AD1C-56C9-4EF8-8372-22C7686AF10B}.DLL Release|Win32.Build.0 = Release|Win32
		{A242AD1C-56C9-4EF8-8372-22C7686AF10B}.DLL Unicode Debug|Win32.ActiveCfg = Debug|Win32
		{A242AD1C-56C9-4EF8-8372-22C7686AF10B}.DLL Unicode Debug|Win32.Build.0 = Debug|Win32
		{A242AD1C-56C9-4EF8-8372-22C7686AF10B}.DLL Unicode Release|Win32.ActiveCfg = Release|Win32
		{A242AD1C-56C9-4EF8-8372-22C7686AF10B}.DLL Unicode Release|Win32.Build.0 = Release|Win32
		{A242AD1C-56C9-4EF8-8372-22C7686AF10B}.DLL Universal Debug|Win32.ActiveCfg = Debug|Win32
		{A242AD1C-56C9-4EF8-8372-22C7686AF10B}.DLL Universal Debug|Win32.Build.0 = Debug|Win32
		{A242AD1C-56C9-4EF8-8372-22C7686AF10B}.DLL Universal Release|Win32.ActiveCfg = Release|Win32
		{A242AD1C-56C9-4EF8-8372-22C7686AF10B}.DLL Universal Release|Win32.Build.0 = Release|Win32
		{A242AD1C-56C9-4EF8-8372-22C7686AF10B}.DLL Universal Unicode Debug|Win32.ActiveCfg = Debug|Win32
		{A242AD1C-56C9-4EF8-8372-22C7686AF10B}.DLL Universal Unicode Debug|Win32.Build.0 = Debug|Win32
		{A242AD1C-56C9-4EF8-8372-22C7686AF10B}.DLL Universal Unicode Release|Win32.ActiveCfg = Release|Win32
		{A242AD1C-56C9-4EF8-8372-22C7686AF10B}.DLL Universal Unicode Release|Win32.Build.0 = Release|Win32
		{A242AD1C-56C9-4EF8-8372-22C7686AF10B}.Release|Win32.ActiveCfg = Release|Win32
		{A242AD1C-56C9-4EF8-8372-22C7686AF10B}.Release|Win32.Build.0 = Release|Win32
		{A242AD1C-56C9-4EF8-8372-22C7686AF10B}.Unicode Debug|Win32.ActiveCfg = Debug|Win32
		{A242AD1C-56C9-4EF8-8372-22C7686AF10B}.Unicode Debug|Win32.Build.0 = Debug|Win32
		{A242AD1C-56C9-4EF8-8372-22C7686AF10B}.Unicode Release|Win32.ActiveCfg = Release|Win32
		{A242AD1C-56C9-4EF8-8372-22C7686AF10B}.Unicode Release|Win32.Build.0 = Release|Win32
		{A242AD1C-56C9-4EF8-8372-22C7686AF10B}.Universal Debug|Win32.ActiveCfg = Debug|Win32
		{A242AD1C-56C9-4EF8-8372-22C7686AF10B}.Universal Debug|Win32.Build.0 = Debug|Win32
		{A242AD1C-56C9-4EF8-8372-22C7686AF10B}.Universal Release|Win32.ActiveCfg = Release|Win32
		{A242AD1C-56C9-4EF8-8372-22C7686AF10B}.Universal Release|Win32.Build.0 = Release|Win32
		{A242AD1C-56C9-4EF8-8372-22C7686AF10B}.Universal Unicode Debug|Win32.ActiveCfg = Debug|Win32
		{A242AD1C-56C9-4EF8-8372-22C7686AF10B}.Universal Unicode Debug|Win32.Build.0 = Debug|Win32
		{A242AD1C-56C9-4EF8-8372-22C7686AF10B}.Universal Unicode Release|Win32.ActiveCfg = Release|Win32
		{A242AD1C-56C9-4EF8-8372-22C7686AF10B}.Universal Unicode Release|Win32.Build.0 = Release|Win32
	EndGlobalSection
	GlobalSection(SolutionProperties) = preSolution
		HideSolutionNode = FALSE
	EndGlobalSection
EndGlobal
